
Microsoft Visual Studio Solution File, Format Version 12.00
# Visual Studio 15
VisualStudioVersion = 15.0.28307.329
MinimumVisualStudioVersion = 10.0.40219.1
Project("{FAE04EC0-301F-11D3-BF4B-00C04F79EFBC}") = "APIViet.Ribbon", "APIViet.Ribbon\APIViet.Ribbon.csproj", "{FF2F45F9-55B7-42D0-B7C6-8E0B58BCBB3C}"
EndProject
Project("{2150E333-8FDC-42A3-9474-1A3956D46DE8}") = "Ribbon", "Ribbon", "{B43915A8-1B94-4F56-98AC-A9A61ED7F570}"
EndProject
Project("{2150E333-8FDC-42A3-9474-1A3956D46DE8}") = "Src", "Src", "{32356C62-8D57-4A56-A489-BE9ABA7C2F72}"
EndProject
Project("{2150E333-8FDC-42A3-9474-1A3956D46DE8}") = "Test", "Test", "{9714981E-40F2-411B-9CB3-DC52856DD6AE}"
EndProject
Project("{2150E333-8FDC-42A3-9474-1A3956D46DE8}") = "APIViet", "APIViet", "{0502CF53-FC3B-48DA-A789-532682510A7F}"
EndProject
Project("{FAE04EC0-301F-11D3-BF4B-00C04F79EFBC}") = "APIVietAddin1", "..\APIViet\APIVietAddin1\APIVietAddin1.csproj", "{DCF23377-E4CD-47F1-A207-6C51FB76D469}"
EndProject
Project("{2150E333-8FDC-42A3-9474-1A3956D46DE8}") = "Src", "Src", "{A7B35E61-515D-41A4-B4B3-58DDA4771B6F}"
EndProject
Project("{2150E333-8FDC-42A3-9474-1A3956D46DE8}") = "Test", "Test", "{1E34CF45-916C-4C51-9956-8B35FFAAD8FB}"
EndProject
Global
	GlobalSection(SolutionConfigurationPlatforms) = preSolution
		Debug|Any CPU = Debug|Any CPU
		Release|Any CPU = Release|Any CPU
	EndGlobalSection
	GlobalSection(ProjectConfigurationPlatforms) = postSolution
		{FF2F45F9-55B7-42D0-B7C6-8E0B58BCBB3C}.Debug|Any CPU.ActiveCfg = Debug|Any CPU
		{FF2F45F9-55B7-42D0-B7C6-8E0B58BCBB3C}.Debug|Any CPU.Build.0 = Debug|Any CPU
		{FF2F45F9-55B7-42D0-B7C6-8E0B58BCBB3C}.Release|Any CPU.ActiveCfg = Release|Any CPU
		{FF2F45F9-55B7-42D0-B7C6-8E0B58BCBB3C}.Release|Any CPU.Build.0 = Release|Any CPU
		{DCF23377-E4CD-47F1-A207-6C51FB76D469}.Debug|Any CPU.ActiveCfg = Debug|Any CPU
		{DCF23377-E4CD-47F1-A207-6C51FB76D469}.Debug|Any CPU.Build.0 = Debug|Any CPU
		{DCF23377-E4CD-47F1-A207-6C51FB76D469}.Release|Any CPU.ActiveCfg = Release|Any CPU
		{DCF23377-E4CD-47F1-A207-6C51FB76D469}.Release|Any CPU.Build.0 = Release|Any CPU
	EndGlobalSection
	GlobalSection(SolutionProperties) = preSolution
		HideSolutionNode = FALSE
	EndGlobalSection
	GlobalSection(NestedProjects) = preSolution
		{FF2F45F9-55B7-42D0-B7C6-8E0B58BCBB3C} = {32356C62-8D57-4A56-A489-BE9ABA7C2F72}
		{32356C62-8D57-4A56-A489-BE9ABA7C2F72} = {B43915A8-1B94-4F56-98AC-A9A61ED7F570}
		{9714981E-40F2-411B-9CB3-DC52856DD6AE} = {B43915A8-1B94-4F56-98AC-A9A61ED7F570}
		{DCF23377-E4CD-47F1-A207-6C51FB76D469} = {A7B35E61-515D-41A4-B4B3-58DDA4771B6F}
		{A7B35E61-515D-41A4-B4B3-58DDA4771B6F} = {0502CF53-FC3B-48DA-A789-532682510A7F}
		{1E34CF45-916C-4C51-9956-8B35FFAAD8FB} = {0502CF53-FC3B-48DA-A789-532682510A7F}
	EndGlobalSection
	GlobalSection(ExtensibilityGlobals) = postSolution
		SolutionGuid = {4A419173-1A39-4AB6-875B-2CFD2CD92EF8}
	EndGlobalSection
EndGlobal
